
Microsoft Visual Studio Solution File, Format Version 12.00
# Visual Studio Version 17
VisualStudioVersion = 17.11.35222.181
MinimumVisualStudioVersion = 10.0.40219.1
Project("{FAE04EC0-301F-11D3-BF4B-00C04F79EFBC}") = "asp_servicios", "asp_servicios\asp_servicios.csproj", "{7E12A595-8656-404E-BEAA-73AF5AC1B779}"
EndProject
Global
	GlobalSection(SolutionConfigurationPlatforms) = preSolution
		Debug|Any CPU = Debug|Any CPU
		Release|Any CPU = Release|Any CPU
	EndGlobalSection
	GlobalSection(ProjectConfigurationPlatforms) = postSolution
		{7E12A595-8656-404E-BEAA-73AF5AC1B779}.Debug|Any CPU.ActiveCfg = Debug|Any CPU
		{7E12A595-8656-404E-BEAA-73AF5AC1B779}.Debug|Any CPU.Build.0 = Debug|Any CPU
		{7E12A595-8656-404E-BEAA-73AF5AC1B779}.Release|Any CPU.ActiveCfg = Release|Any CPU
		{7E12A595-8656-404E-BEAA-73AF5AC1B779}.Release|Any CPU.Build.0 = Release|Any CPU
	EndGlobalSection
	GlobalSection(SolutionProperties) = preSolution
		HideSolutionNode = FALSE
	EndGlobalSection
	GlobalSection(ExtensibilityGlobals) = postSolution
		SolutionGuid = {93FB0932-51C7-4EB3-8B88-3D4B89AFD6D7}
	EndGlobalSection
EndGlobal
